
Microsoft Visual Studio Solution File, Format Version 12.00
# Visual Studio Version 17
VisualStudioVersion = 17.0.31903.59
MinimumVisualStudioVersion = 10.0.40219.1
Project("{2150E333-8FDC-42A3-9474-1A3956D46DE8}") = "src", "src", "{827E0CD3-B72D-47B6-A68D-7590B98EB39B}"
EndProject
Project("{FAE04EC0-301F-11D3-BF4B-00C04F79EFBC}") = "McpGenericServer", "src\McpGenericServer\McpGenericServer.csproj", "{016E736D-FFCC-418A-8D5A-F8615877C2DE}"
EndProject
Project("{2150E333-8FDC-42A3-9474-1A3956D46DE8}") = "tests", "tests", "{0AB3BF05-4346-4AA6-1389-037BE0695223}"
EndProject
Project("{FAE04EC0-301F-11D3-BF4B-00C04F79EFBC}") = "McpGenericServer.Tests", "tests\McpGenericServer.Tests\McpGenericServer.Tests.csproj", "{BD42C519-E029-4CE1-B78D-04394FB361AD}"
EndProject
Project("{FAE04EC0-301F-11D3-BF4B-00C04F79EFBC}") = "McpPlatform.Core", "src\McpPlatform.Core\McpPlatform.Core.csproj", "{E5836DA3-D051-42CD-AF7E-1F82191DC2B8}"
EndProject
Project("{FAE04EC0-301F-11D3-BF4B-00C04F79EFBC}") = "McpPlatform.Hosting", "src\McpPlatform.Hosting\McpPlatform.Hosting.csproj", "{963E59C8-5CB5-44D9-9266-2A2BA92CE9F0}"
EndProject
Project("{FAE04EC0-301F-11D3-BF4B-00C04F79EFBC}") = "McpTools.BuiltIn", "src\McpTools.BuiltIn\McpTools.BuiltIn.csproj", "{67CB2D7E-54B9-48DE-B43E-6B23CE56DBC1}"
EndProject
Global
	GlobalSection(SolutionConfigurationPlatforms) = preSolution
		Debug|Any CPU = Debug|Any CPU
		Debug|x64 = Debug|x64
		Debug|x86 = Debug|x86
		Release|Any CPU = Release|Any CPU
		Release|x64 = Release|x64
		Release|x86 = Release|x86
	EndGlobalSection
	GlobalSection(ProjectConfigurationPlatforms) = postSolution
		{016E736D-FFCC-418A-8D5A-F8615877C2DE}.Debug|Any CPU.ActiveCfg = Debug|Any CPU
		{016E736D-FFCC-418A-8D5A-F8615877C2DE}.Debug|Any CPU.Build.0 = Debug|Any CPU
		{016E736D-FFCC-418A-8D5A-F8615877C2DE}.Debug|x64.ActiveCfg = Debug|Any CPU
		{016E736D-FFCC-418A-8D5A-F8615877C2DE}.Debug|x64.Build.0 = Debug|Any CPU
		{016E736D-FFCC-418A-8D5A-F8615877C2DE}.Debug|x86.ActiveCfg = Debug|Any CPU
		{016E736D-FFCC-418A-8D5A-F8615877C2DE}.Debug|x86.Build.0 = Debug|Any CPU
		{016E736D-FFCC-418A-8D5A-F8615877C2DE}.Release|Any CPU.ActiveCfg = Release|Any CPU
		{016E736D-FFCC-418A-8D5A-F8615877C2DE}.Release|Any CPU.Build.0 = Release|Any CPU
		{016E736D-FFCC-418A-8D5A-F8615877C2DE}.Release|x64.ActiveCfg = Release|Any CPU
		{016E736D-FFCC-418A-8D5A-F8615877C2DE}.Release|x64.Build.0 = Release|Any CPU
		{016E736D-FFCC-418A-8D5A-F8615877C2DE}.Release|x86.ActiveCfg = Release|Any CPU
		{016E736D-FFCC-418A-8D5A-F8615877C2DE}.Release|x86.Build.0 = Release|Any CPU
		{BD42C519-E029-4CE1-B78D-04394FB361AD}.Debug|Any CPU.ActiveCfg = Debug|Any CPU
		{BD42C519-E029-4CE1-B78D-04394FB361AD}.Debug|Any CPU.Build.0 = Debug|Any CPU
		{BD42C519-E029-4CE1-B78D-04394FB361AD}.Debug|x64.ActiveCfg = Debug|Any CPU
		{BD42C519-E029-4CE1-B78D-04394FB361AD}.Debug|x64.Build.0 = Debug|Any CPU
		{BD42C519-E029-4CE1-B78D-04394FB361AD}.Debug|x86.ActiveCfg = Debug|Any CPU
		{BD42C519-E029-4CE1-B78D-04394FB361AD}.Debug|x86.Build.0 = Debug|Any CPU
		{BD42C519-E029-4CE1-B78D-04394FB361AD}.Release|Any CPU.ActiveCfg = Release|Any CPU
		{BD42C519-E029-4CE1-B78D-04394FB361AD}.Release|Any CPU.Build.0 = Release|Any CPU
		{BD42C519-E029-4CE1-B78D-04394FB361AD}.Release|x64.ActiveCfg = Release|Any CPU
		{BD42C519-E029-4CE1-B78D-04394FB361AD}.Release|x64.Build.0 = Release|Any CPU
		{BD42C519-E029-4CE1-B78D-04394FB361AD}.Release|x86.ActiveCfg = Release|Any CPU
		{BD42C519-E029-4CE1-B78D-04394FB361AD}.Release|x86.Build.0 = Release|Any CPU
		{E5836DA3-D051-42CD-AF7E-1F82191DC2B8}.Debug|Any CPU.ActiveCfg = Debug|Any CPU
		{E5836DA3-D051-42CD-AF7E-1F82191DC2B8}.Debug|Any CPU.Build.0 = Debug|Any CPU
		{E5836DA3-D051-42CD-AF7E-1F82191DC2B8}.Debug|x64.ActiveCfg = Debug|Any CPU
		{E5836DA3-D051-42CD-AF7E-1F82191DC2B8}.Debug|x64.Build.0 = Debug|Any CPU
		{E5836DA3-D051-42CD-AF7E-1F82191DC2B8}.Debug|x86.ActiveCfg = Debug|Any CPU
		{E5836DA3-D051-42CD-AF7E-1F82191DC2B8}.Debug|x86.Build.0 = Debug|Any CPU
		{E5836DA3-D051-42CD-AF7E-1F82191DC2B8}.Release|Any CPU.ActiveCfg = Release|Any CPU
		{E5836DA3-D051-42CD-AF7E-1F82191DC2B8}.Release|Any CPU.Build.0 = Release|Any CPU
		{E5836DA3-D051-42CD-AF7E-1F82191DC2B8}.Release|x64.ActiveCfg = Release|Any CPU
		{E5836DA3-D051-42CD-AF7E-1F82191DC2B8}.Release|x64.Build.0 = Release|Any CPU
		{E5836DA3-D051-42CD-AF7E-1F82191DC2B8}.Release|x86.ActiveCfg = Release|Any CPU
		{E5836DA3-D051-42CD-AF7E-1F82191DC2B8}.Release|x86.Build.0 = Release|Any CPU
		{963E59C8-5CB5-44D9-9266-2A2BA92CE9F0}.Debug|Any CPU.ActiveCfg = Debug|Any CPU
		{963E59C8-5CB5-44D9-9266-2A2BA92CE9F0}.Debug|Any CPU.Build.0 = Debug|Any CPU
		{963E59C8-5CB5-44D9-9266-2A2BA92CE9F0}.Debug|x64.ActiveCfg = Debug|Any CPU
		{963E59C8-5CB5-44D9-9266-2A2BA92CE9F0}.Debug|x64.Build.0 = Debug|Any CPU
		{963E59C8-5CB5-44D9-9266-2A2BA92CE9F0}.Debug|x86.ActiveCfg = Debug|Any CPU
		{963E59C8-5CB5-44D9-9266-2A2BA92CE9F0}.Debug|x86.Build.0 = Debug|Any CPU
		{963E59C8-5CB5-44D9-9266-2A2BA92CE9F0}.Release|Any CPU.ActiveCfg = Release|Any CPU
		{963E59C8-5CB5-44D9-9266-2A2BA92CE9F0}.Release|Any CPU.Build.0 = Release|Any CPU
		{963E59C8-5CB5-44D9-9266-2A2BA92CE9F0}.Release|x64.ActiveCfg = Release|Any CPU
		{963E59C8-5CB5-44D9-9266-2A2BA92CE9F0}.Release|x64.Build.0 = Release|Any CPU
		{963E59C8-5CB5-44D9-9266-2A2BA92CE9F0}.Release|x86.ActiveCfg = Release|Any CPU
		{963E59C8-5CB5-44D9-9266-2A2BA92CE9F0}.Release|x86.Build.0 = Release|Any CPU
		{67CB2D7E-54B9-48DE-B43E-6B23CE56DBC1}.Debug|Any CPU.ActiveCfg = Debug|Any CPU
		{67CB2D7E-54B9-48DE-B43E-6B23CE56DBC1}.Debug|Any CPU.Build.0 = Debug|Any CPU
		{67CB2D7E-54B9-48DE-B43E-6B23CE56DBC1}.Debug|x64.ActiveCfg = Debug|Any CPU
		{67CB2D7E-54B9-48DE-B43E-6B23CE56DBC1}.Debug|x64.Build.0 = Debug|Any CPU
		{67CB2D7E-54B9-48DE-B43E-6B23CE56DBC1}.Debug|x86.ActiveCfg = Debug|Any CPU
		{67CB2D7E-54B9-48DE-B43E-6B23CE56DBC1}.Debug|x86.Build.0 = Debug|Any CPU
		{67CB2D7E-54B9-48DE-B43E-6B23CE56DBC1}.Release|Any CPU.ActiveCfg = Release|Any CPU
		{67CB2D7E-54B9-48DE-B43E-6B23CE56DBC1}.Release|Any CPU.Build.0 = Release|Any CPU
		{67CB2D7E-54B9-48DE-B43E-6B23CE56DBC1}.Release|x64.ActiveCfg = Release|Any CPU
		{67CB2D7E-54B9-48DE-B43E-6B23CE56DBC1}.Release|x64.Build.0 = Release|Any CPU
		{67CB2D7E-54B9-48DE-B43E-6B23CE56DBC1}.Release|x86.ActiveCfg = Release|Any CPU
		{67CB2D7E-54B9-48DE-B43E-6B23CE56DBC1}.Release|x86.Build.0 = Release|Any CPU
	EndGlobalSection
	GlobalSection(SolutionProperties) = preSolution
		HideSolutionNode = FALSE
	EndGlobalSection
	GlobalSection(NestedProjects) = preSolution
		{016E736D-FFCC-418A-8D5A-F8615877C2DE} = {827E0CD3-B72D-47B6-A68D-7590B98EB39B}
		{BD42C519-E029-4CE1-B78D-04394FB361AD} = {0AB3BF05-4346-4AA6-1389-037BE0695223}
		{E5836DA3-D051-42CD-AF7E-1F82191DC2B8} = {827E0CD3-B72D-47B6-A68D-7590B98EB39B}
		{963E59C8-5CB5-44D9-9266-2A2BA92CE9F0} = {827E0CD3-B72D-47B6-A68D-7590B98EB39B}
		{67CB2D7E-54B9-48DE-B43E-6B23CE56DBC1} = {827E0CD3-B72D-47B6-A68D-7590B98EB39B}
	EndGlobalSection
EndGlobal
